
Microsoft Visual Studio Solution File, Format Version 12.00
# Visual Studio Version 17
VisualStudioVersion = 17.2.32630.192
MinimumVisualStudioVersion = 10.0.40219.1
Project("{FAE04EC0-301F-11D3-BF4B-00C04F79EFBC}") = "Table_Data_Gateway_Design_Pattern", "Table_Data_Gateway_Design_Pattern\Table_Data_Gateway_Design_Pattern.csproj", "{AE116028-2C10-4DA0-8EA6-92FEFCF3BD27}"
EndProject
Global
	GlobalSection(SolutionConfigurationPlatforms) = preSolution
		Debug|Any CPU = Debug|Any CPU
		Release|Any CPU = Release|Any CPU
	EndGlobalSection
	GlobalSection(ProjectConfigurationPlatforms) = postSolution
		{AE116028-2C10-4DA0-8EA6-92FEFCF3BD27}.Debug|Any CPU.ActiveCfg = Debug|Any CPU
		{AE116028-2C10-4DA0-8EA6-92FEFCF3BD27}.Debug|Any CPU.Build.0 = Debug|Any CPU
		{AE116028-2C10-4DA0-8EA6-92FEFCF3BD27}.Release|Any CPU.ActiveCfg = Release|Any CPU
		{AE116028-2C10-4DA0-8EA6-92FEFCF3BD27}.Release|Any CPU.Build.0 = Release|Any CPU
	EndGlobalSection
	GlobalSection(SolutionProperties) = preSolution
		HideSolutionNode = FALSE
	EndGlobalSection
	GlobalSection(ExtensibilityGlobals) = postSolution
		SolutionGuid = {1010E841-3812-4FAF-88D1-991B98AC6437}
	EndGlobalSection
EndGlobal
